
Microsoft Visual Studio Solution File, Format Version 12.00
# Visual Studio Version 17
VisualStudioVersion = 17.5.33530.505
MinimumVisualStudioVersion = 10.0.40219.1
Project("{8BC9CEB8-8B4A-11D0-8D11-00A0C91BC942}") = "SubClass", "SubClass.vcxproj", "{F6768A60-673B-4CCF-89CD-AB38A84584C1}"
EndProject
Global
	GlobalSection(SolutionConfigurationPlatforms) = preSolution
		Debug|x64 = Debug|x64
		Debug|x86 = Debug|x86
		Release|x64 = Release|x64
		Release|x86 = Release|x86
	EndGlobalSection
	GlobalSection(ProjectConfigurationPlatforms) = postSolution
		{F6768A60-673B-4CCF-89CD-AB38A84584C1}.Debug|x64.ActiveCfg = Debug|x64
		{F6768A60-673B-4CCF-89CD-AB38A84584C1}.Debug|x64.Build.0 = Debug|x64
		{F6768A60-673B-4CCF-89CD-AB38A84584C1}.Debug|x86.ActiveCfg = Debug|Win32
		{F6768A60-673B-4CCF-89CD-AB38A84584C1}.Debug|x86.Build.0 = Debug|Win32
		{F6768A60-673B-4CCF-89CD-AB38A84584C1}.Release|x64.ActiveCfg = Release|x64
		{F6768A60-673B-4CCF-89CD-AB38A84584C1}.Release|x64.Build.0 = Release|x64
		{F6768A60-673B-4CCF-89CD-AB38A84584C1}.Release|x86.ActiveCfg = Release|Win32
		{F6768A60-673B-4CCF-89CD-AB38A84584C1}.Release|x86.Build.0 = Release|Win32
	EndGlobalSection
	GlobalSection(SolutionProperties) = preSolution
		HideSolutionNode = FALSE
	EndGlobalSection
	GlobalSection(ExtensibilityGlobals) = postSolution
		SolutionGuid = {201CD9D7-E1E7-4FEB-ADB3-754E04AB487B}
	EndGlobalSection
EndGlobal
